
Microsoft Visual Studio Solution File, Format Version 12.00
# Visual Studio Version 17
VisualStudioVersion = 17.7.34031.279
MinimumVisualStudioVersion = 10.0.40219.1
Project("{8BC9CEB8-8B4A-11D0-8D11-00A0C91BC942}") = "OS_LAB3_task1", "Project1\Project1.vcxproj", "{4DECE6BA-BB21-4930-BDF4-1D2998D07EC2}"
EndProject
Project("{8BC9CEB8-8B4A-11D0-8D11-00A0C91BC942}") = "Os_LAB3_task2", "Os_LAB3_task2\Os_LAB3_task2.vcxproj", "{67A2D7E9-1E6B-4340-817F-153D72E235F8}"
EndProject
Global
	GlobalSection(SolutionConfigurationPlatforms) = preSolution
		Debug|x64 = Debug|x64
		Debug|x86 = Debug|x86
		Release|x64 = Release|x64
		Release|x86 = Release|x86
	EndGlobalSection
	GlobalSection(ProjectConfigurationPlatforms) = postSolution
		{4DECE6BA-BB21-4930-BDF4-1D2998D07EC2}.Debug|x64.ActiveCfg = Debug|x64
		{4DECE6BA-BB21-4930-BDF4-1D2998D07EC2}.Debug|x64.Build.0 = Debug|x64
		{4DECE6BA-BB21-4930-BDF4-1D2998D07EC2}.Debug|x86.ActiveCfg = Debug|Win32
		{4DECE6BA-BB21-4930-BDF4-1D2998D07EC2}.Debug|x86.Build.0 = Debug|Win32
		{4DECE6BA-BB21-4930-BDF4-1D2998D07EC2}.Release|x64.ActiveCfg = Release|x64
		{4DECE6BA-BB21-4930-BDF4-1D2998D07EC2}.Release|x64.Build.0 = Release|x64
		{4DECE6BA-BB21-4930-BDF4-1D2998D07EC2}.Release|x86.ActiveCfg = Release|Win32
		{4DECE6BA-BB21-4930-BDF4-1D2998D07EC2}.Release|x86.Build.0 = Release|Win32
		{67A2D7E9-1E6B-4340-817F-153D72E235F8}.Debug|x64.ActiveCfg = Debug|x64
		{67A2D7E9-1E6B-4340-817F-153D72E235F8}.Debug|x64.Build.0 = Debug|x64
		{67A2D7E9-1E6B-4340-817F-153D72E235F8}.Debug|x86.ActiveCfg = Debug|Win32
		{67A2D7E9-1E6B-4340-817F-153D72E235F8}.Debug|x86.Build.0 = Debug|Win32
		{67A2D7E9-1E6B-4340-817F-153D72E235F8}.Release|x64.ActiveCfg = Release|x64
		{67A2D7E9-1E6B-4340-817F-153D72E235F8}.Release|x64.Build.0 = Release|x64
		{67A2D7E9-1E6B-4340-817F-153D72E235F8}.Release|x86.ActiveCfg = Release|Win32
		{67A2D7E9-1E6B-4340-817F-153D72E235F8}.Release|x86.Build.0 = Release|Win32
	EndGlobalSection
	GlobalSection(SolutionProperties) = preSolution
		HideSolutionNode = FALSE
	EndGlobalSection
	GlobalSection(ExtensibilityGlobals) = postSolution
		SolutionGuid = {780F429D-DF87-4A0C-8F73-B34625C884B8}
	EndGlobalSection
EndGlobal
